<?xml version="1.0" encoding="utf-8"?>
<Project ToolsVersion="4.0" xmlns="http://schemas.microsoft.com/developer/msbuild/2003">
  <ItemGroup>
    <ClCompile Include="dllmain.cpp" />
    <ClCompile Include="FalloutEngine\EngineUtils.cpp">
      <Filter>FalloutEngine</Filter>
    </ClCompile>
    <ClCompile Include="FalloutEngine\FunctionOffsets.cpp">
      <Filter>FalloutEngine</Filter>
    </ClCompile>
    <ClCompile Include="FalloutEngine\Functions.cpp">
      <Filter>FalloutEngine</Filter>
    </ClCompile>
    <ClCompile Include="FalloutEngine\Variables.cpp">
      <Filter>FalloutEngine</Filter>
    </ClCompile>
    <ClCompile Include="Memory\SafeWrite.cpp">
      <Filter>Memory</Filter>
    </ClCompile>
    <ClCompile Include="Memory\Utils.cpp">
      <Filter>Memory</Filter>
    </ClCompile>
    <ClCompile Include="Source\dude.cpp">
      <Filter>Source</Filter>
    </ClCompile>
  </ItemGroup>
  <ItemGroup>
    <Filter Include="FalloutEngine">
      <UniqueIdentifier>{d7b8b472-c472-4046-ae0b-d756d4b986b4}</UniqueIdentifier>
    </Filter>
    <Filter Include="Memory">
      <UniqueIdentifier>{c06bdf13-6029-4e1b-9e65-debb4c62e9b2}</UniqueIdentifier>
    </Filter>
    <Filter Include="Source">
      <UniqueIdentifier>{8472f877-b3dc-41d0-bf3b-42fa2572bb9c}</UniqueIdentifier>
    </Filter>
  </ItemGroup>
  <ItemGroup>
    <ClInclude Include="FalloutEngine\Variables_def.h">
      <Filter>FalloutEngine</Filter>
    </ClInclude>
    <ClInclude Include="FalloutEngine\EngineUtils.h">
      <Filter>FalloutEngine</Filter>
    </ClInclude>
    <ClInclude Include="FalloutEngine\Enums.h">
      <Filter>FalloutEngine</Filter>
    </ClInclude>
    <ClInclude Include="FalloutEngine\Fallout2.h">
      <Filter>FalloutEngine</Filter>
    </ClInclude>
    <ClInclude Include="FalloutEngine\FunctionOffsets.h">
      <Filter>FalloutEngine</Filter>
    </ClInclude>
    <ClInclude Include="FalloutEngine\FunctionOffsets_def.h">
      <Filter>FalloutEngine</Filter>
    </ClInclude>
    <ClInclude Include="FalloutEngine\Functions.h">
      <Filter>FalloutEngine</Filter>
    </ClInclude>
    <ClInclude Include="FalloutEngine\Functions_def.h">
      <Filter>FalloutEngine</Filter>
    </ClInclude>
    <ClInclude Include="FalloutEngine\Structs.h">
      <Filter>FalloutEngine</Filter>
    </ClInclude>
    <ClInclude Include="FalloutEngine\VariableOffsets.h">
      <Filter>FalloutEngine</Filter>
    </ClInclude>
    <ClInclude Include="FalloutEngine\Variables.h">
      <Filter>FalloutEngine</Filter>
    </ClInclude>
    <ClInclude Include="Memory\SafeWrite.h">
      <Filter>Memory</Filter>
    </ClInclude>
    <ClInclude Include="Memory\Utils.h">
      <Filter>Memory</Filter>
    </ClInclude>
    <ClInclude Include="dude.h">
      <Filter>Source</Filter>
    </ClInclude>
  </ItemGroup>
</Project>