<?xml version="1.0" encoding="utf-8"?>
<Project ToolsVersion="4.0" xmlns="http://schemas.microsoft.com/developer/msbuild/2003">
  <ItemGroup>
    <Filter Include="Source Files">
      <UniqueIdentifier>{4FC737F1-C7A5-4376-A066-2A32D752A2FF}</UniqueIdentifier>
      <Extensions>cpp;c;cc;cxx;def;odl;idl;hpj;bat;asm;asmx</Extensions>
    </Filter>
    <Filter Include="Header Files">
      <UniqueIdentifier>{93995380-89BD-4b04-88EB-625FBE52EBFB}</UniqueIdentifier>
      <Extensions>h;hpp;hxx;hm;inl;inc;xsd</Extensions>
    </Filter>
    <Filter Include="Header Files\Hacks">
      <UniqueIdentifier>{e9afbbab-60f2-40b9-a1ff-859a3bf8248a}</UniqueIdentifier>
    </Filter>
  </ItemGroup>
  <ItemGroup>
    <ClCompile Include="FalloutScript.cpp">
      <Filter>Source Files</Filter>
    </ClCompile>
    <ClCompile Include="FalloutScriptDecompile.cpp">
      <Filter>Source Files</Filter>
    </ClCompile>
    <ClCompile Include="FalloutScriptDefObject.cpp">
      <Filter>Source Files</Filter>
    </ClCompile>
    <ClCompile Include="FalloutScriptDump.cpp">
      <Filter>Source Files</Filter>
    </ClCompile>
    <ClCompile Include="FalloutScriptStore.cpp">
      <Filter>Source Files</Filter>
    </ClCompile>
    <ClCompile Include="main.cpp">
      <Filter>Source Files</Filter>
    </ClCompile>
    <ClCompile Include="Namespace.cpp">
      <Filter>Source Files</Filter>
    </ClCompile>
    <ClCompile Include="Node.cpp">
      <Filter>Source Files</Filter>
    </ClCompile>
    <ClCompile Include="Opcode.cpp">
      <Filter>Source Files</Filter>
    </ClCompile>
    <ClCompile Include="OpcodeAttributes.cpp">
      <Filter>Source Files</Filter>
    </ClCompile>
    <ClCompile Include="ProcTable.cpp">
      <Filter>Source Files</Filter>
    </ClCompile>
    <ClCompile Include="StartupCode.cpp">
      <Filter>Source Files</Filter>
    </ClCompile>
    <ClCompile Include="Utility.cpp">
      <Filter>Source Files</Filter>
    </ClCompile>
    <ClCompile Include="XGetopt.cpp">
      <Filter>Source Files</Filter>
    </ClCompile>
  </ItemGroup>
  <ItemGroup>
    <ClInclude Include="Hacks\CMap.h">
      <Filter>Header Files\Hacks</Filter>
    </ClInclude>
    <ClInclude Include="FalloutScript.h">
      <Filter>Header Files</Filter>
    </ClInclude>
    <ClInclude Include="Namespace.h">
      <Filter>Header Files</Filter>
    </ClInclude>
    <ClInclude Include="Node.h">
      <Filter>Header Files</Filter>
    </ClInclude>
    <ClInclude Include="ObjectAttributes.h">
      <Filter>Header Files</Filter>
    </ClInclude>
    <ClInclude Include="Opcode.h">
      <Filter>Header Files</Filter>
    </ClInclude>
    <ClInclude Include="ProcTable.h">
      <Filter>Header Files</Filter>
    </ClInclude>
    <ClInclude Include="StartupCode.h">
      <Filter>Header Files</Filter>
    </ClInclude>
    <ClInclude Include="Utility.h">
      <Filter>Header Files</Filter>
    </ClInclude>
    <ClInclude Include="XGetopt.h">
      <Filter>Header Files</Filter>
    </ClInclude>
  </ItemGroup>
  <ItemGroup>
    <MASM Include="win2kcompat.asm" />
  </ItemGroup>
</Project>