<?xml version="1.0" encoding="utf-8"?>
<Project ToolsVersion="4.0" xmlns="http://schemas.microsoft.com/developer/msbuild/2003">
  <ItemGroup>
    <Filter Include="Source Files">
      <UniqueIdentifier>{4FC737F1-C7A5-4376-A066-2A32D752A2FF}</UniqueIdentifier>
      <Extensions>cpp;c;cxx;def;odl;idl;hpj;bat;asm;asmx</Extensions>
    </Filter>
    <Filter Include="Header Files">
      <UniqueIdentifier>{93995380-89BD-4b04-88EB-625FBE52EBFB}</UniqueIdentifier>
      <Extensions>h;hpp;hxx;hm;inl;inc;xsd</Extensions>
    </Filter>
    <Filter Include="Header Files\mcpp">
      <UniqueIdentifier>{3f2abd65-467d-479d-acef-3df969f5c2e7}</UniqueIdentifier>
    </Filter>
    <Filter Include="Source Files\mcpp">
      <UniqueIdentifier>{0f6cdb03-42b0-474a-a6a2-25ff0a2fb8c7}</UniqueIdentifier>
    </Filter>
  </ItemGroup>
  <ItemGroup>
    <ClCompile Include="compile.c">
      <Filter>Source Files</Filter>
    </ClCompile>
    <ClCompile Include="extra.c">
      <Filter>Source Files</Filter>
    </ClCompile>
    <ClCompile Include="lex.c">
      <Filter>Source Files</Filter>
    </ClCompile>
    <ClCompile Include="parse.c">
      <Filter>Source Files</Filter>
    </ClCompile>
    <ClCompile Include="parselib.c">
      <Filter>Source Files</Filter>
    </ClCompile>
    <ClCompile Include="optimize.c">
      <Filter>Source Files</Filter>
    </ClCompile>
    <ClCompile Include="mcpp_directive.c">
      <Filter>Source Files\mcpp</Filter>
    </ClCompile>
    <ClCompile Include="mcpp_system.c">
      <Filter>Source Files\mcpp</Filter>
    </ClCompile>
    <ClCompile Include="mcpp_eval.c">
      <Filter>Source Files\mcpp</Filter>
    </ClCompile>
    <ClCompile Include="mcpp_expand.c">
      <Filter>Source Files\mcpp</Filter>
    </ClCompile>
    <ClCompile Include="mcpp_main.c">
      <Filter>Source Files\mcpp</Filter>
    </ClCompile>
    <ClCompile Include="mcpp_support.c">
      <Filter>Source Files\mcpp</Filter>
    </ClCompile>
    <ClCompile Include="gencode.c">
      <Filter>Source Files</Filter>
    </ClCompile>
    <ClCompile Include="parseext.c">
      <Filter>Source Files</Filter>
    </ClCompile>
  </ItemGroup>
  <ItemGroup>
    <ClInclude Include="extra.h">
      <Filter>Header Files</Filter>
    </ClInclude>
    <ClInclude Include="lex.h">
      <Filter>Header Files</Filter>
    </ClInclude>
    <ClInclude Include="opcodes.h">
      <Filter>Header Files</Filter>
    </ClInclude>
    <ClInclude Include="opextra.h">
      <Filter>Header Files</Filter>
    </ClInclude>
    <ClInclude Include="oplib.h">
      <Filter>Header Files</Filter>
    </ClInclude>
    <ClInclude Include="parse.h">
      <Filter>Header Files</Filter>
    </ClInclude>
    <ClInclude Include="parselib.h">
      <Filter>Header Files</Filter>
    </ClInclude>
    <ClInclude Include="tokens.h">
      <Filter>Header Files</Filter>
    </ClInclude>
    <ClInclude Include="internal.H">
      <Filter>Header Files\mcpp</Filter>
    </ClInclude>
    <ClInclude Include="noconfig.H">
      <Filter>Header Files\mcpp</Filter>
    </ClInclude>
    <ClInclude Include="system.H">
      <Filter>Header Files\mcpp</Filter>
    </ClInclude>
    <ClInclude Include="gencode.h">
      <Filter>Header Files</Filter>
    </ClInclude>
    <ClInclude Include="parseext.h">
      <Filter>Header Files</Filter>
    </ClInclude>
    <ClInclude Include="sfalltok.h">
      <Filter>Header Files</Filter>
    </ClInclude>
  </ItemGroup>
  <ItemGroup>
    <None Include="exports.def" />
    <None Include="testscript.ssl" />
  </ItemGroup>
  <ItemGroup>
    <MASM Include="win2kcompat.asm" />
  </ItemGroup>
</Project>