
Microsoft Visual Studio Solution File, Format Version 12.00
# Visual Studio Version 16
VisualStudioVersion = 16.0.29215.179
MinimumVisualStudioVersion = 10.0.40219.1
Project("{FAE04EC0-301F-11D3-BF4B-00C04F79EFBC}") = "Overseer", "Overseer.csproj", "{C5996743-4493-4542-B696-D5BC34EDC314}"
EndProject
Global
	GlobalSection(SolutionConfigurationPlatforms) = preSolution
		Debug|Any CPU = Debug|Any CPU
		Release|Any CPU = Release|Any CPU
	EndGlobalSection
	GlobalSection(ProjectConfigurationPlatforms) = postSolution
		{C5996743-4493-4542-B696-D5BC34EDC314}.Debug|Any CPU.ActiveCfg = Debug|Any CPU
		{C5996743-4493-4542-B696-D5BC34EDC314}.Debug|Any CPU.Build.0 = Debug|Any CPU
		{C5996743-4493-4542-B696-D5BC34EDC314}.Release|Any CPU.ActiveCfg = Release|Any CPU
		{C5996743-4493-4542-B696-D5BC34EDC314}.Release|Any CPU.Build.0 = Release|Any CPU
	EndGlobalSection
	GlobalSection(SolutionProperties) = preSolution
		HideSolutionNode = FALSE
	EndGlobalSection
	GlobalSection(ExtensibilityGlobals) = postSolution
		SolutionGuid = {D09E7A33-318D-45E2-B271-F5C1F8820DA6}
	EndGlobalSection
EndGlobal
