
Microsoft Visual Studio Solution File, Format Version 12.00
# Visual Studio Version 16
VisualStudioVersion = 16.0.29209.62
MinimumVisualStudioVersion = 10.0.40219.1
Project("{FAE04EC0-301F-11D3-BF4B-00C04F79EFBC}") = "Packrat", "Packrat.csproj", "{AB11F3C4-8CC7-4D63-9228-3ED2867F7C56}"
EndProject
Global
	GlobalSection(SolutionConfigurationPlatforms) = preSolution
		Debug|Any CPU = Debug|Any CPU
		Release|Any CPU = Release|Any CPU
	EndGlobalSection
	GlobalSection(ProjectConfigurationPlatforms) = postSolution
		{AB11F3C4-8CC7-4D63-9228-3ED2867F7C56}.Debug|Any CPU.ActiveCfg = Debug|Any CPU
		{AB11F3C4-8CC7-4D63-9228-3ED2867F7C56}.Debug|Any CPU.Build.0 = Debug|Any CPU
		{AB11F3C4-8CC7-4D63-9228-3ED2867F7C56}.Release|Any CPU.ActiveCfg = Release|Any CPU
		{AB11F3C4-8CC7-4D63-9228-3ED2867F7C56}.Release|Any CPU.Build.0 = Release|Any CPU
	EndGlobalSection
	GlobalSection(SolutionProperties) = preSolution
		HideSolutionNode = FALSE
	EndGlobalSection
	GlobalSection(ExtensibilityGlobals) = postSolution
		SolutionGuid = {57DEAC69-18BB-4284-B512-4AC041A86034}
	EndGlobalSection
EndGlobal
